PODS:
  - SDWebImage (3.8.2):
    - SDWebImage/Core (= 3.8.2)
  - SDWebImage/Core (3.8.2)
  - STTwitter (0.2.5)
  - SVProgressHUD (2.0.3)

DEPENDENCIES:
  - SDWebImage
  - STTwitter
  - SVProgressHUD

SPEC CHECKSUMS:
  SDWebImage: 098e97e6176540799c27e804c96653ee0833d13c
  STTwitter: 5c157e8dcb4f0e4cf5b4374393021b7d7b7fd497
  SVProgressHUD: b0830714205bea1317ea1a2ebc71e5633af334d4

PODFILE CHECKSUM: d1578cf733fd01f845a552bc945a4a4446205302

COCOAPODS: 1.2.0.beta.1
